
Microsoft Visual Studio Solution File, Format Version 12.00
# Visual Studio 15
VisualStudioVersion = 15.0.28307.421
MinimumVisualStudioVersion = 10.0.40219.1
Project("{F184B08F-C81C-45F6-A57F-5ABD9991F28F}") = "EnvioAutomaticoEMAIL", "EnvioAutomaticoEMAIL\EnvioAutomaticoEMAIL.vbproj", "{C65AA595-5E40-4970-9A4F-20CAE25DA624}"
EndProject
Project("{2150E333-8FDC-42A3-9474-1A3956D46DE8}") = "Solution Items", "Solution Items", "{BA0C45EC-8FD9-4A18-9D94-07CFD9706FD2}"
EndProject
Global
	GlobalSection(SolutionConfigurationPlatforms) = preSolution
		Debug|Any CPU = Debug|Any CPU
		Release|Any CPU = Release|Any CPU
	EndGlobalSection
	GlobalSection(ProjectConfigurationPlatforms) = postSolution
		{C65AA595-5E40-4970-9A4F-20CAE25DA624}.Debug|Any CPU.ActiveCfg = Debug|Any CPU
		{C65AA595-5E40-4970-9A4F-20CAE25DA624}.Debug|Any CPU.Build.0 = Debug|Any CPU
		{C65AA595-5E40-4970-9A4F-20CAE25DA624}.Release|Any CPU.ActiveCfg = Release|Any CPU
		{C65AA595-5E40-4970-9A4F-20CAE25DA624}.Release|Any CPU.Build.0 = Release|Any CPU
	EndGlobalSection
	GlobalSection(SolutionProperties) = preSolution
		HideSolutionNode = FALSE
	EndGlobalSection
	GlobalSection(ExtensibilityGlobals) = postSolution
		SolutionGuid = {AB52B27B-D5FC-4B31-9C28-A1AA98E3A53F}
	EndGlobalSection
EndGlobal
